{
  "requires": true,
  "lockfileVersion": 1,
  "dependencies": {
    "angular": {
      "version": "1.7.2",
      "resolved": "https://registry.npmjs.org/angular/-/angular-1.7.2.tgz",
      "integrity": "sha512-JcKKJbBdybUsmQ6x1M3xWyTYQ/ioVKJhSByEAjqrhmlOfvMFdhfMqAx5KIo8rLGk4DFolYPcCSgssjgTVjCtRQ=="
    },
    "angular-popeye": {
      "version": "1.0.5",
      "resolved": "https://registry.npmjs.org/angular-popeye/-/angular-popeye-1.0.5.tgz",
      "integrity": "sha1-BeWLC1ndftJeUdd5kz5rJJXRdM0=",
      "requires": {
        "angular": "1.7.2"
      }
    }
  }
}
